<?xml version="1.0" encoding="utf-8"?>
<Project ToolsVersion="4.0" xmlns="http://schemas.microsoft.com/developer/msbuild/2003">
  <ItemGroup>
    <Filter Include="Source Files">
      <UniqueIdentifier>{4FC737F1-C7A5-4376-A066-2A32D752A2FF}</UniqueIdentifier>
      <Extensions>cpp;c;cc;cxx;def;odl;idl;hpj;bat;asm;asmx</Extensions>
    </Filter>
    <Filter Include="Header Files">
      <UniqueIdentifier>{93995380-89BD-4b04-88EB-625FBE52EBFB}</UniqueIdentifier>
      <Extensions>h;hh;hpp;hxx;hm;inl;inc;xsd</Extensions>
    </Filter>
    <Filter Include="Header Files\detail">
      <UniqueIdentifier>{6ef5104b-a159-40ed-b9d6-41338e1781fe}</UniqueIdentifier>
    </Filter>
    <Filter Include="Source Files\detail">
      <UniqueIdentifier>{a4731019-0055-4bee-9927-873b4f35eb32}</UniqueIdentifier>
    </Filter>
  </ItemGroup>
  <ItemGroup>
    <ClInclude Include="tcp_connection.hpp">
      <Filter>Header Files</Filter>
    </ClInclude>
    <ClInclude Include="w32crypt_seed.hpp">
      <Filter>Header Files</Filter>
    </ClInclude>
    <ClInclude Include="tcpfwd.hpp">
      <Filter>Header Files</Filter>
    </ClInclude>
    <ClInclude Include="message.hpp">
      <Filter>Header Files</Filter>
    </ClInclude>
    <ClInclude Include="irc_ctype.hpp">
      <Filter>Header Files</Filter>
    </ClInclude>
    <ClInclude Include="sutter.hpp">
      <Filter>Header Files</Filter>
    </ClInclude>
    <ClInclude Include="throttled_queue.hpp">
      <Filter>Header Files</Filter>
    </ClInclude>
    <ClInclude Include="server.hpp">
      <Filter>Header Files</Filter>
    </ClInclude>
    <ClInclude Include="connection.hpp">
      <Filter>Header Files</Filter>
    </ClInclude>
    <ClInclude Include="config.hpp">
      <Filter>Header Files</Filter>
    </ClInclude>
    <ClInclude Include="irc_proto.hpp">
      <Filter>Header Files</Filter>
    </ClInclude>
    <ClInclude Include="connection_fwd.hpp">
      <Filter>Header Files</Filter>
    </ClInclude>
    <ClInclude Include="split.hpp">
      <Filter>Header Files</Filter>
    </ClInclude>
    <ClInclude Include="message_fwd.hpp">
      <Filter>Header Files</Filter>
    </ClInclude>
    <ClInclude Include="detail\inbound.hpp">
      <Filter>Header Files\detail</Filter>
    </ClInclude>
    <ClInclude Include="detail\connection_detail.hpp">
      <Filter>Header Files\detail</Filter>
    </ClInclude>
  </ItemGroup>
  <ItemGroup>
    <ClCompile Include="tcp_connection.cpp">
      <Filter>Source Files</Filter>
    </ClCompile>
    <ClCompile Include="w32crypt_seed.cpp">
      <Filter>Source Files</Filter>
    </ClCompile>
    <ClCompile Include="message.cpp">
      <Filter>Source Files</Filter>
    </ClCompile>
    <ClCompile Include="irc_ctype.cpp">
      <Filter>Source Files</Filter>
    </ClCompile>
    <ClCompile Include="throttled_queue.cpp">
      <Filter>Source Files</Filter>
    </ClCompile>
    <ClCompile Include="server.cpp">
      <Filter>Source Files</Filter>
    </ClCompile>
    <ClCompile Include="irc_proto.cpp">
      <Filter>Source Files</Filter>
    </ClCompile>
    <ClCompile Include="split.cpp">
      <Filter>Source Files</Filter>
    </ClCompile>
    <ClCompile Include="detail\inbound.cpp">
      <Filter>Source Files\detail</Filter>
    </ClCompile>
  </ItemGroup>
</Project>