<?xml version="1.0" encoding="utf-8"?>
<Project ToolsVersion="4.0" xmlns="http://schemas.microsoft.com/developer/msbuild/2003">
  <ItemGroup>
    <Filter Include="Source Files">
      <UniqueIdentifier>{4FC737F1-C7A5-4376-A066-2A32D752A2FF}</UniqueIdentifier>
      <Extensions>cpp;c;cc;cxx;def;odl;idl;hpj;bat;asm;asmx</Extensions>
    </Filter>
    <Filter Include="Header Files">
      <UniqueIdentifier>{93995380-89BD-4b04-88EB-625FBE52EBFB}</UniqueIdentifier>
      <Extensions>h;hpp;hxx;hm;inl;inc;xsd</Extensions>
    </Filter>
    <Filter Include="Resource Files">
      <UniqueIdentifier>{67DA6AB6-F800-4c08-8B7A-83BB121AAD01}</UniqueIdentifier>
      <Extensions>rc;ico;cur;bmp;dlg;rc2;rct;bin;rgs;gif;jpg;jpeg;jpe;resx;tiff;tif;png;wav;mfcribbon-ms</Extensions>
    </Filter>
  </ItemGroup>
  <ItemGroup>
    <ClInclude Include="userlistgui.hpp">
      <Filter>Header Files</Filter>
    </ClInclude>
    <ClInclude Include="plugingui.hpp">
      <Filter>Header Files</Filter>
    </ClInclude>
    <ClInclude Include="ascii.hpp">
      <Filter>Header Files</Filter>
    </ClInclude>
    <ClInclude Include="notifygui.hpp">
      <Filter>Header Files</Filter>
    </ClInclude>
    <ClInclude Include="urlgrab.hpp">
      <Filter>Header Files</Filter>
    </ClInclude>
    <ClInclude Include="chanview.hpp">
      <Filter>Header Files</Filter>
    </ClInclude>
    <ClInclude Include="gtk_helpers.hpp">
      <Filter>Header Files</Filter>
    </ClInclude>
    <ClInclude Include="joind.hpp">
      <Filter>Header Files</Filter>
    </ClInclude>
    <ClInclude Include="rawlog.hpp">
      <Filter>Header Files</Filter>
    </ClInclude>
    <ClInclude Include="palette.hpp">
      <Filter>Header Files</Filter>
    </ClInclude>
    <ClInclude Include="maingui.hpp">
      <Filter>Header Files</Filter>
    </ClInclude>
    <ClInclude Include="gtkutil.hpp">
      <Filter>Header Files</Filter>
    </ClInclude>
    <ClInclude Include="plugin-tray.hpp">
      <Filter>Header Files</Filter>
    </ClInclude>
    <ClInclude Include="menu.hpp">
      <Filter>Header Files</Filter>
    </ClInclude>
    <ClInclude Include="fe-gtk.hpp">
      <Filter>Header Files</Filter>
    </ClInclude>
    <ClInclude Include="banlist.hpp">
      <Filter>Header Files</Filter>
    </ClInclude>
    <ClInclude Include="xtext.hpp">
      <Filter>Header Files</Filter>
    </ClInclude>
    <ClInclude Include="editlist.hpp">
      <Filter>Header Files</Filter>
    </ClInclude>
    <ClInclude Include="custom-list.hpp">
      <Filter>Header Files</Filter>
    </ClInclude>
    <ClInclude Include="setup.hpp">
      <Filter>Header Files</Filter>
    </ClInclude>
    <ClInclude Include="servlistgui.hpp">
      <Filter>Header Files</Filter>
    </ClInclude>
    <ClInclude Include="fkeys.hpp">
      <Filter>Header Files</Filter>
    </ClInclude>
    <ClInclude Include="chanlist.hpp">
      <Filter>Header Files</Filter>
    </ClInclude>
    <ClInclude Include="sexy-spell-entry.hpp">
      <Filter>Header Files</Filter>
    </ClInclude>
    <ClInclude Include="textgui.hpp">
      <Filter>Header Files</Filter>
    </ClInclude>
    <ClInclude Include="pixmaps.hpp">
      <Filter>Header Files</Filter>
    </ClInclude>
    <ClInclude Include="sexy-iso-codes.hpp">
      <Filter>Header Files</Filter>
    </ClInclude>
    <ClInclude Include="gtk3bridge.hpp">
      <Filter>Header Files</Filter>
    </ClInclude>
    <ClInclude Include="precompile.hpp">
      <Filter>Header Files</Filter>
    </ClInclude>
    <ClInclude Include="xtext_backend.hpp">
      <Filter>Header Files</Filter>
    </ClInclude>
  </ItemGroup>
  <ItemGroup>
    <ClCompile Include="resources.c">
      <Filter>Source Files</Filter>
    </ClCompile>
    <ClCompile Include="fe-gtk.cpp">
      <Filter>Source Files</Filter>
    </ClCompile>
    <ClCompile Include="banlist.cpp">
      <Filter>Source Files</Filter>
    </ClCompile>
    <ClCompile Include="userlistgui.cpp">
      <Filter>Source Files</Filter>
    </ClCompile>
    <ClCompile Include="ignoregui.cpp">
      <Filter>Source Files</Filter>
    </ClCompile>
    <ClCompile Include="maingui.cpp">
      <Filter>Source Files</Filter>
    </ClCompile>
    <ClCompile Include="menu.cpp">
      <Filter>Source Files</Filter>
    </ClCompile>
    <ClCompile Include="chanlist.cpp">
      <Filter>Source Files</Filter>
    </ClCompile>
    <ClCompile Include="plugingui.cpp">
      <Filter>Source Files</Filter>
    </ClCompile>
    <ClCompile Include="ascii.cpp">
      <Filter>Source Files</Filter>
    </ClCompile>
    <ClCompile Include="dccgui.cpp">
      <Filter>Source Files</Filter>
    </ClCompile>
    <ClCompile Include="notifygui.cpp">
      <Filter>Source Files</Filter>
    </ClCompile>
    <ClCompile Include="plugin-tray.cpp">
      <Filter>Source Files</Filter>
    </ClCompile>
    <ClCompile Include="servlistgui.cpp">
      <Filter>Source Files</Filter>
    </ClCompile>
    <ClCompile Include="urlgrab.cpp">
      <Filter>Source Files</Filter>
    </ClCompile>
    <ClCompile Include="chanview.cpp">
      <Filter>Source Files</Filter>
    </ClCompile>
    <ClCompile Include="rawlog.cpp">
      <Filter>Source Files</Filter>
    </ClCompile>
    <ClCompile Include="fkeys.cpp">
      <Filter>Source Files</Filter>
    </ClCompile>
    <ClCompile Include="setup.cpp">
      <Filter>Source Files</Filter>
    </ClCompile>
    <ClCompile Include="editlist.cpp">
      <Filter>Source Files</Filter>
    </ClCompile>
    <ClCompile Include="textgui.cpp">
      <Filter>Source Files</Filter>
    </ClCompile>
    <ClCompile Include="xtext.cpp">
      <Filter>Source Files</Filter>
    </ClCompile>
    <ClCompile Include="sexy-spell-entry.cpp">
      <Filter>Source Files</Filter>
    </ClCompile>
    <ClCompile Include="joind.cpp">
      <Filter>Source Files</Filter>
    </ClCompile>
    <ClCompile Include="palette.cpp">
      <Filter>Source Files</Filter>
    </ClCompile>
    <ClCompile Include="pixmaps.cpp">
      <Filter>Source Files</Filter>
    </ClCompile>
    <ClCompile Include="gtkutil.cpp">
      <Filter>Source Files</Filter>
    </ClCompile>
    <ClCompile Include="sexy-iso-codes.cpp">
      <Filter>Source Files</Filter>
    </ClCompile>
    <ClCompile Include="custom-list.cpp">
      <Filter>Source Files</Filter>
    </ClCompile>
    <ClCompile Include="main.cpp">
      <Filter>Source Files</Filter>
    </ClCompile>
    <ClCompile Include="gtk3bridge.cpp">
      <Filter>Source Files</Filter>
    </ClCompile>
    <ClCompile Include="precompile.cpp">
      <Filter>Source Files</Filter>
    </ClCompile>
    <ClCompile Include="xtext_backend.cpp">
      <Filter>Source Files</Filter>
    </ClCompile>
  </ItemGroup>
  <ItemGroup>
    <Manifest Include="hexchat.exe.manifest">
      <Filter>Resource Files</Filter>
    </Manifest>
  </ItemGroup>
  <ItemGroup>
    <ResourceCompile Include="hexchat.rc">
      <Filter>Resource Files</Filter>
    </ResourceCompile>
  </ItemGroup>
  <ItemGroup>
    <None Include="..\..\data\icons\hexchat.ico">
      <Filter>Resource Files</Filter>
    </None>
    <None Include="hexchat.rc.tt" />
    <None Include="packages.config" />
  </ItemGroup>
  <ItemGroup>
    <Xml Include="..\..\data\hexchat.gresource.xml" />
  </ItemGroup>
</Project>